
Microsoft Visual Studio Solution File, Format Version 12.00
# Visual Studio Version 16
VisualStudioVersion = 16.0.31515.178
MinimumVisualStudioVersion = 10.0.40219.1
Project("{FAE04EC0-301F-11D3-BF4B-00C04F79EFBC}") = "Logica", "Logica.csproj", "{F535CE61-C4B6-404A-8008-1E0AEBCFA8E7}"
EndProject
Global
	GlobalSection(SolutionConfigurationPlatforms) = preSolution
		Debug|Any CPU = Debug|Any CPU
		Release|Any CPU = Release|Any CPU
	EndGlobalSection
	GlobalSection(ProjectConfigurationPlatforms) = postSolution
		{F535CE61-C4B6-404A-8008-1E0AEBCFA8E7}.Debug|Any CPU.ActiveCfg = Debug|Any CPU
		{F535CE61-C4B6-404A-8008-1E0AEBCFA8E7}.Debug|Any CPU.Build.0 = Debug|Any CPU
		{F535CE61-C4B6-404A-8008-1E0AEBCFA8E7}.Release|Any CPU.ActiveCfg = Release|Any CPU
		{F535CE61-C4B6-404A-8008-1E0AEBCFA8E7}.Release|Any CPU.Build.0 = Release|Any CPU
	EndGlobalSection
	GlobalSection(SolutionProperties) = preSolution
		HideSolutionNode = FALSE
	EndGlobalSection
	GlobalSection(ExtensibilityGlobals) = postSolution
		SolutionGuid = {AAB80EEC-73E9-4684-A79A-26F8C9EA9F88}
	EndGlobalSection
EndGlobal
